{
  "version": 4,
  "terraform_version": "0.12.29",
  "serial": 147,
  "lineage": "fbba96a6-ec05-c49d-54ad-3d193c53f8e3",
  "outputs": {},
  "resources": [
    {
      "mode": "managed",
      "type": "google_compute_instance",
      "name": "broker",
      "provider": "provider.google",
      "instances": [
        {
          "schema_version": 6,
          "attributes": {
            "allow_stopping_for_update": null,
            "attached_disk": [],
            "boot_disk": [
              {
                "auto_delete": true,
                "device_name": "persistent-disk-0",
                "disk_encryption_key_raw": "",
                "disk_encryption_key_sha256": "",
                "initialize_params": [
                  {
                    "image": "https://www.googleapis.com/compute/v1/projects/rhel-cloud/global/images/rhel-7-v20201112",
                    "labels": {},
                    "size": 20,
                    "type": "pd-standard"
                  }
                ],
                "kms_key_self_link": "",
                "mode": "READ_WRITE",
                "source": "https://www.googleapis.com/compute/v1/projects/lab-picarelli/zones/us-east1-d/disks/kafka-broker"
              }
            ],
            "can_ip_forward": false,
            "cpu_platform": "Intel Haswell",
            "current_status": "RUNNING",
            "deletion_protection": false,
            "description": "",
            "desired_status": null,
            "enable_display": false,
            "guest_accelerator": [],
            "hostname": "",
            "id": "projects/lab-picarelli/zones/us-east1-d/instances/kafka-broker",
            "instance_id": "1053614711773556343",
            "label_fingerprint": "42WmSpB8rSM=",
            "labels": null,
            "machine_type": "e2-medium",
            "metadata": {
              "ssh-keys": "mpicarelli:ssh-rsa AAAAB3NzaC1yc2EAAAADAQABAAABAQDf7tLb//wKDr9QG3j7yv1ci6pBKhiEarHBSXYDK0/Ibb/ZDLH8ZWbeB0L4m+I4aPSwzhBl47CexOC/jGb8MtdmLm/S6wKqyVhll0OG4PUBlRkDsqAnq3h/1rmxLdw0Uc6tzYcv0Nzvmingj65gvkU7JrR2QshZqQysrbsl7bnrRoERL/l6ybuSY5COAgCdMWx5JniHknQvWVsoPuBM6EKbnHSbusMsrQaIgdKyhH9V3VCE3VRo9WZx7dZF4/K29tp+WG3zyGK89Bisvk/YU6xfggrMXzCFGXP7ePGfrLOhyjSUhRziDfwXnUKLuXaBgSpjyPXiU5XlxvnIh5TI6BeB"
            },
            "metadata_fingerprint": "X7e5hoqVEf8=",
            "metadata_startup_script": "",
            "min_cpu_platform": "",
            "name": "kafka-broker",
            "network_interface": [
              {
                "access_config": [
                  {
                    "nat_ip": "35.196.95.97",
                    "network_tier": "PREMIUM",
                    "public_ptr_domain_name": ""
                  }
                ],
                "alias_ip_range": [],
                "name": "nic0",
                "network": "https://www.googleapis.com/compute/v1/projects/lab-picarelli/global/networks/default",
                "network_ip": "10.142.0.18",
                "subnetwork": "https://www.googleapis.com/compute/v1/projects/lab-picarelli/regions/us-east1/subnetworks/default",
                "subnetwork_project": "lab-picarelli"
              }
            ],
            "project": "lab-picarelli",
            "resource_policies": null,
            "scheduling": [
              {
                "automatic_restart": true,
                "node_affinities": [],
                "on_host_maintenance": "MIGRATE",
                "preemptible": false
              }
            ],
            "scratch_disk": [],
            "self_link": "https://www.googleapis.com/compute/v1/projects/lab-picarelli/zones/us-east1-d/instances/kafka-broker",
            "service_account": [],
            "shielded_instance_config": [
              {
                "enable_integrity_monitoring": true,
                "enable_secure_boot": false,
                "enable_vtpm": true
              }
            ],
            "tags": [
              "http-server"
            ],
            "tags_fingerprint": "FYLDgkTKlA4=",
            "timeouts": null,
            "zone": "us-east1-d"
          },
          "private": "eyJlMmJmYjczMC1lY2FhLTExZTYtOGY4OC0zNDM2M2JjN2M0YzAiOnsiY3JlYXRlIjoxMjAwMDAwMDAwMDAwLCJkZWxldGUiOjEyMDAwMDAwMDAwMDAsInVwZGF0ZSI6MTIwMDAwMDAwMDAwMH0sInNjaGVtYV92ZXJzaW9uIjoiNiJ9"
        }
      ]
    },
    {
      "mode": "managed",
      "type": "google_compute_instance",
      "name": "connect",
      "provider": "provider.google",
      "instances": [
        {
          "schema_version": 6,
          "attributes": {
            "allow_stopping_for_update": null,
            "attached_disk": [],
            "boot_disk": [
              {
                "auto_delete": true,
                "device_name": "persistent-disk-0",
                "disk_encryption_key_raw": "",
                "disk_encryption_key_sha256": "",
                "initialize_params": [
                  {
                    "image": "https://www.googleapis.com/compute/v1/projects/rhel-cloud/global/images/rhel-7-v20201112",
                    "labels": {},
                    "size": 20,
                    "type": "pd-standard"
                  }
                ],
                "kms_key_self_link": "",
                "mode": "READ_WRITE",
                "source": "https://www.googleapis.com/compute/v1/projects/lab-picarelli/zones/us-west4-a/disks/kafka-connect"
              }
            ],
            "can_ip_forward": false,
            "cpu_platform": "Intel Skylake",
            "current_status": "RUNNING",
            "deletion_protection": false,
            "description": "",
            "desired_status": null,
            "enable_display": false,
            "guest_accelerator": [],
            "hostname": "",
            "id": "projects/lab-picarelli/zones/us-west4-a/instances/kafka-connect",
            "instance_id": "7687921071791763063",
            "label_fingerprint": "42WmSpB8rSM=",
            "labels": null,
            "machine_type": "e2-medium",
            "metadata": {
              "ssh-keys": "mpicarelli:ssh-rsa AAAAB3NzaC1yc2EAAAADAQABAAABAQDf7tLb//wKDr9QG3j7yv1ci6pBKhiEarHBSXYDK0/Ibb/ZDLH8ZWbeB0L4m+I4aPSwzhBl47CexOC/jGb8MtdmLm/S6wKqyVhll0OG4PUBlRkDsqAnq3h/1rmxLdw0Uc6tzYcv0Nzvmingj65gvkU7JrR2QshZqQysrbsl7bnrRoERL/l6ybuSY5COAgCdMWx5JniHknQvWVsoPuBM6EKbnHSbusMsrQaIgdKyhH9V3VCE3VRo9WZx7dZF4/K29tp+WG3zyGK89Bisvk/YU6xfggrMXzCFGXP7ePGfrLOhyjSUhRziDfwXnUKLuXaBgSpjyPXiU5XlxvnIh5TI6BeB"
            },
            "metadata_fingerprint": "X7e5hoqVEf8=",
            "metadata_startup_script": "",
            "min_cpu_platform": "",
            "name": "kafka-connect",
            "network_interface": [
              {
                "access_config": [
                  {
                    "nat_ip": "34.125.184.63",
                    "network_tier": "PREMIUM",
                    "public_ptr_domain_name": ""
                  }
                ],
                "alias_ip_range": [],
                "name": "nic0",
                "network": "https://www.googleapis.com/compute/v1/projects/lab-picarelli/global/networks/default",
                "network_ip": "10.182.0.9",
                "subnetwork": "https://www.googleapis.com/compute/v1/projects/lab-picarelli/regions/us-west4/subnetworks/default",
                "subnetwork_project": "lab-picarelli"
              }
            ],
            "project": "lab-picarelli",
            "resource_policies": null,
            "scheduling": [
              {
                "automatic_restart": true,
                "node_affinities": [],
                "on_host_maintenance": "MIGRATE",
                "preemptible": false
              }
            ],
            "scratch_disk": [],
            "self_link": "https://www.googleapis.com/compute/v1/projects/lab-picarelli/zones/us-west4-a/instances/kafka-connect",
            "service_account": [],
            "shielded_instance_config": [
              {
                "enable_integrity_monitoring": true,
                "enable_secure_boot": false,
                "enable_vtpm": true
              }
            ],
            "tags": [
              "http-server"
            ],
            "tags_fingerprint": "FYLDgkTKlA4=",
            "timeouts": null,
            "zone": "us-west4-a"
          },
          "private": "eyJlMmJmYjczMC1lY2FhLTExZTYtOGY4OC0zNDM2M2JjN2M0YzAiOnsiY3JlYXRlIjoxMjAwMDAwMDAwMDAwLCJkZWxldGUiOjEyMDAwMDAwMDAwMDAsInVwZGF0ZSI6MTIwMDAwMDAwMDAwMH0sInNjaGVtYV92ZXJzaW9uIjoiNiJ9"
        }
      ]
    },
    {
      "mode": "managed",
      "type": "google_compute_instance",
      "name": "control_center",
      "provider": "provider.google",
      "instances": [
        {
          "schema_version": 6,
          "attributes": {
            "allow_stopping_for_update": null,
            "attached_disk": [],
            "boot_disk": [
              {
                "auto_delete": true,
                "device_name": "persistent-disk-0",
                "disk_encryption_key_raw": "",
                "disk_encryption_key_sha256": "",
                "initialize_params": [
                  {
                    "image": "https://www.googleapis.com/compute/v1/projects/rhel-cloud/global/images/rhel-7-v20201112",
                    "labels": {},
                    "size": 20,
                    "type": "pd-standard"
                  }
                ],
                "kms_key_self_link": "",
                "mode": "READ_WRITE",
                "source": "https://www.googleapis.com/compute/v1/projects/lab-picarelli/zones/us-west4-a/disks/kafka-control-center"
              }
            ],
            "can_ip_forward": false,
            "cpu_platform": "Intel Skylake",
            "current_status": "RUNNING",
            "deletion_protection": false,
            "description": "",
            "desired_status": null,
            "enable_display": false,
            "guest_accelerator": [],
            "hostname": "",
            "id": "projects/lab-picarelli/zones/us-west4-a/instances/kafka-control-center",
            "instance_id": "250887317015981687",
            "label_fingerprint": "42WmSpB8rSM=",
            "labels": null,
            "machine_type": "e2-medium",
            "metadata": {
              "ssh-keys": "mpicarelli:ssh-rsa AAAAB3NzaC1yc2EAAAADAQABAAABAQDf7tLb//wKDr9QG3j7yv1ci6pBKhiEarHBSXYDK0/Ibb/ZDLH8ZWbeB0L4m+I4aPSwzhBl47CexOC/jGb8MtdmLm/S6wKqyVhll0OG4PUBlRkDsqAnq3h/1rmxLdw0Uc6tzYcv0Nzvmingj65gvkU7JrR2QshZqQysrbsl7bnrRoERL/l6ybuSY5COAgCdMWx5JniHknQvWVsoPuBM6EKbnHSbusMsrQaIgdKyhH9V3VCE3VRo9WZx7dZF4/K29tp+WG3zyGK89Bisvk/YU6xfggrMXzCFGXP7ePGfrLOhyjSUhRziDfwXnUKLuXaBgSpjyPXiU5XlxvnIh5TI6BeB"
            },
            "metadata_fingerprint": "X7e5hoqVEf8=",
            "metadata_startup_script": "",
            "min_cpu_platform": "",
            "name": "kafka-control-center",
            "network_interface": [
              {
                "access_config": [
                  {
                    "nat_ip": "34.125.200.220",
                    "network_tier": "PREMIUM",
                    "public_ptr_domain_name": ""
                  }
                ],
                "alias_ip_range": [],
                "name": "nic0",
                "network": "https://www.googleapis.com/compute/v1/projects/lab-picarelli/global/networks/default",
                "network_ip": "10.182.0.8",
                "subnetwork": "https://www.googleapis.com/compute/v1/projects/lab-picarelli/regions/us-west4/subnetworks/default",
                "subnetwork_project": "lab-picarelli"
              }
            ],
            "project": "lab-picarelli",
            "resource_policies": null,
            "scheduling": [
              {
                "automatic_restart": true,
                "node_affinities": [],
                "on_host_maintenance": "MIGRATE",
                "preemptible": false
              }
            ],
            "scratch_disk": [],
            "self_link": "https://www.googleapis.com/compute/v1/projects/lab-picarelli/zones/us-west4-a/instances/kafka-control-center",
            "service_account": [],
            "shielded_instance_config": [
              {
                "enable_integrity_monitoring": true,
                "enable_secure_boot": false,
                "enable_vtpm": true
              }
            ],
            "tags": [
              "http-server"
            ],
            "tags_fingerprint": "FYLDgkTKlA4=",
            "timeouts": null,
            "zone": "us-west4-a"
          },
          "private": "eyJlMmJmYjczMC1lY2FhLTExZTYtOGY4OC0zNDM2M2JjN2M0YzAiOnsiY3JlYXRlIjoxMjAwMDAwMDAwMDAwLCJkZWxldGUiOjEyMDAwMDAwMDAwMDAsInVwZGF0ZSI6MTIwMDAwMDAwMDAwMH0sInNjaGVtYV92ZXJzaW9uIjoiNiJ9"
        }
      ]
    },
    {
      "mode": "managed",
      "type": "google_compute_instance",
      "name": "ksql",
      "provider": "provider.google",
      "instances": [
        {
          "schema_version": 6,
          "attributes": {
            "allow_stopping_for_update": null,
            "attached_disk": [],
            "boot_disk": [
              {
                "auto_delete": true,
                "device_name": "persistent-disk-0",
                "disk_encryption_key_raw": "",
                "disk_encryption_key_sha256": "",
                "initialize_params": [
                  {
                    "image": "https://www.googleapis.com/compute/v1/projects/rhel-cloud/global/images/rhel-7-v20201112",
                    "labels": {},
                    "size": 20,
                    "type": "pd-standard"
                  }
                ],
                "kms_key_self_link": "",
                "mode": "READ_WRITE",
                "source": "https://www.googleapis.com/compute/v1/projects/lab-picarelli/zones/us-central1-a/disks/kafka-ksql"
              }
            ],
            "can_ip_forward": false,
            "cpu_platform": "Intel Haswell",
            "current_status": "RUNNING",
            "deletion_protection": false,
            "description": "",
            "desired_status": null,
            "enable_display": false,
            "guest_accelerator": [],
            "hostname": "",
            "id": "projects/lab-picarelli/zones/us-central1-a/instances/kafka-ksql",
            "instance_id": "2380839419614817910",
            "label_fingerprint": "42WmSpB8rSM=",
            "labels": null,
            "machine_type": "e2-medium",
            "metadata": {
              "ssh-keys": "mpicarelli:ssh-rsa AAAAB3NzaC1yc2EAAAADAQABAAABAQDf7tLb//wKDr9QG3j7yv1ci6pBKhiEarHBSXYDK0/Ibb/ZDLH8ZWbeB0L4m+I4aPSwzhBl47CexOC/jGb8MtdmLm/S6wKqyVhll0OG4PUBlRkDsqAnq3h/1rmxLdw0Uc6tzYcv0Nzvmingj65gvkU7JrR2QshZqQysrbsl7bnrRoERL/l6ybuSY5COAgCdMWx5JniHknQvWVsoPuBM6EKbnHSbusMsrQaIgdKyhH9V3VCE3VRo9WZx7dZF4/K29tp+WG3zyGK89Bisvk/YU6xfggrMXzCFGXP7ePGfrLOhyjSUhRziDfwXnUKLuXaBgSpjyPXiU5XlxvnIh5TI6BeB"
            },
            "metadata_fingerprint": "X7e5hoqVEf8=",
            "metadata_startup_script": "",
            "min_cpu_platform": "",
            "name": "kafka-ksql",
            "network_interface": [
              {
                "access_config": [
                  {
                    "nat_ip": "35.222.243.171",
                    "network_tier": "PREMIUM",
                    "public_ptr_domain_name": ""
                  }
                ],
                "alias_ip_range": [],
                "name": "nic0",
                "network": "https://www.googleapis.com/compute/v1/projects/lab-picarelli/global/networks/default",
                "network_ip": "10.128.0.25",
                "subnetwork": "https://www.googleapis.com/compute/v1/projects/lab-picarelli/regions/us-central1/subnetworks/default",
                "subnetwork_project": "lab-picarelli"
              }
            ],
            "project": "lab-picarelli",
            "resource_policies": null,
            "scheduling": [
              {
                "automatic_restart": true,
                "node_affinities": [],
                "on_host_maintenance": "MIGRATE",
                "preemptible": false
              }
            ],
            "scratch_disk": [],
            "self_link": "https://www.googleapis.com/compute/v1/projects/lab-picarelli/zones/us-central1-a/instances/kafka-ksql",
            "service_account": [],
            "shielded_instance_config": [
              {
                "enable_integrity_monitoring": true,
                "enable_secure_boot": false,
                "enable_vtpm": true
              }
            ],
            "tags": [
              "http-server"
            ],
            "tags_fingerprint": "FYLDgkTKlA4=",
            "timeouts": null,
            "zone": "us-central1-a"
          },
          "private": "eyJlMmJmYjczMC1lY2FhLTExZTYtOGY4OC0zNDM2M2JjN2M0YzAiOnsiY3JlYXRlIjoxMjAwMDAwMDAwMDAwLCJkZWxldGUiOjEyMDAwMDAwMDAwMDAsInVwZGF0ZSI6MTIwMDAwMDAwMDAwMH0sInNjaGVtYV92ZXJzaW9uIjoiNiJ9"
        }
      ]
    },
    {
      "mode": "managed",
      "type": "google_compute_instance",
      "name": "rest",
      "provider": "provider.google",
      "instances": [
        {
          "schema_version": 6,
          "attributes": {
            "allow_stopping_for_update": null,
            "attached_disk": [],
            "boot_disk": [
              {
                "auto_delete": true,
                "device_name": "persistent-disk-0",
                "disk_encryption_key_raw": "",
                "disk_encryption_key_sha256": "",
                "initialize_params": [
                  {
                    "image": "https://www.googleapis.com/compute/v1/projects/rhel-cloud/global/images/rhel-7-v20201112",
                    "labels": {},
                    "size": 20,
                    "type": "pd-standard"
                  }
                ],
                "kms_key_self_link": "",
                "mode": "READ_WRITE",
                "source": "https://www.googleapis.com/compute/v1/projects/lab-picarelli/zones/us-central1-a/disks/kafka-rest"
              }
            ],
            "can_ip_forward": false,
            "cpu_platform": "Intel Haswell",
            "current_status": "RUNNING",
            "deletion_protection": false,
            "description": "",
            "desired_status": null,
            "enable_display": false,
            "guest_accelerator": [],
            "hostname": "",
            "id": "projects/lab-picarelli/zones/us-central1-a/instances/kafka-rest",
            "instance_id": "7311263851660668535",
            "label_fingerprint": "42WmSpB8rSM=",
            "labels": null,
            "machine_type": "e2-medium",
            "metadata": {
              "ssh-keys": "mpicarelli:ssh-rsa AAAAB3NzaC1yc2EAAAADAQABAAABAQDf7tLb//wKDr9QG3j7yv1ci6pBKhiEarHBSXYDK0/Ibb/ZDLH8ZWbeB0L4m+I4aPSwzhBl47CexOC/jGb8MtdmLm/S6wKqyVhll0OG4PUBlRkDsqAnq3h/1rmxLdw0Uc6tzYcv0Nzvmingj65gvkU7JrR2QshZqQysrbsl7bnrRoERL/l6ybuSY5COAgCdMWx5JniHknQvWVsoPuBM6EKbnHSbusMsrQaIgdKyhH9V3VCE3VRo9WZx7dZF4/K29tp+WG3zyGK89Bisvk/YU6xfggrMXzCFGXP7ePGfrLOhyjSUhRziDfwXnUKLuXaBgSpjyPXiU5XlxvnIh5TI6BeB"
            },
            "metadata_fingerprint": "X7e5hoqVEf8=",
            "metadata_startup_script": "",
            "min_cpu_platform": "",
            "name": "kafka-rest",
            "network_interface": [
              {
                "access_config": [
                  {
                    "nat_ip": "35.193.4.61",
                    "network_tier": "PREMIUM",
                    "public_ptr_domain_name": ""
                  }
                ],
                "alias_ip_range": [],
                "name": "nic0",
                "network": "https://www.googleapis.com/compute/v1/projects/lab-picarelli/global/networks/default",
                "network_ip": "10.128.0.24",
                "subnetwork": "https://www.googleapis.com/compute/v1/projects/lab-picarelli/regions/us-central1/subnetworks/default",
                "subnetwork_project": "lab-picarelli"
              }
            ],
            "project": "lab-picarelli",
            "resource_policies": null,
            "scheduling": [
              {
                "automatic_restart": true,
                "node_affinities": [],
                "on_host_maintenance": "MIGRATE",
                "preemptible": false
              }
            ],
            "scratch_disk": [],
            "self_link": "https://www.googleapis.com/compute/v1/projects/lab-picarelli/zones/us-central1-a/instances/kafka-rest",
            "service_account": [],
            "shielded_instance_config": [
              {
                "enable_integrity_monitoring": true,
                "enable_secure_boot": false,
                "enable_vtpm": true
              }
            ],
            "tags": [
              "http-server"
            ],
            "tags_fingerprint": "FYLDgkTKlA4=",
            "timeouts": null,
            "zone": "us-central1-a"
          },
          "private": "eyJlMmJmYjczMC1lY2FhLTExZTYtOGY4OC0zNDM2M2JjN2M0YzAiOnsiY3JlYXRlIjoxMjAwMDAwMDAwMDAwLCJkZWxldGUiOjEyMDAwMDAwMDAwMDAsInVwZGF0ZSI6MTIwMDAwMDAwMDAwMH0sInNjaGVtYV92ZXJzaW9uIjoiNiJ9"
        }
      ]
    },
    {
      "mode": "managed",
      "type": "google_compute_instance",
      "name": "schema",
      "provider": "provider.google",
      "instances": [
        {
          "schema_version": 6,
          "attributes": {
            "allow_stopping_for_update": null,
            "attached_disk": [],
            "boot_disk": [
              {
                "auto_delete": true,
                "device_name": "persistent-disk-0",
                "disk_encryption_key_raw": "",
                "disk_encryption_key_sha256": "",
                "initialize_params": [
                  {
                    "image": "https://www.googleapis.com/compute/v1/projects/rhel-cloud/global/images/rhel-7-v20201112",
                    "labels": {},
                    "size": 20,
                    "type": "pd-standard"
                  }
                ],
                "kms_key_self_link": "",
                "mode": "READ_WRITE",
                "source": "https://www.googleapis.com/compute/v1/projects/lab-picarelli/zones/us-east1-d/disks/kafka-schema-registry"
              }
            ],
            "can_ip_forward": false,
            "cpu_platform": "Intel Haswell",
            "current_status": "RUNNING",
            "deletion_protection": false,
            "description": "",
            "desired_status": null,
            "enable_display": false,
            "guest_accelerator": [],
            "hostname": "",
            "id": "projects/lab-picarelli/zones/us-east1-d/instances/kafka-schema-registry",
            "instance_id": "2408451751475900022",
            "label_fingerprint": "42WmSpB8rSM=",
            "labels": null,
            "machine_type": "e2-medium",
            "metadata": {
              "ssh-keys": "mpicarelli:ssh-rsa AAAAB3NzaC1yc2EAAAADAQABAAABAQDf7tLb//wKDr9QG3j7yv1ci6pBKhiEarHBSXYDK0/Ibb/ZDLH8ZWbeB0L4m+I4aPSwzhBl47CexOC/jGb8MtdmLm/S6wKqyVhll0OG4PUBlRkDsqAnq3h/1rmxLdw0Uc6tzYcv0Nzvmingj65gvkU7JrR2QshZqQysrbsl7bnrRoERL/l6ybuSY5COAgCdMWx5JniHknQvWVsoPuBM6EKbnHSbusMsrQaIgdKyhH9V3VCE3VRo9WZx7dZF4/K29tp+WG3zyGK89Bisvk/YU6xfggrMXzCFGXP7ePGfrLOhyjSUhRziDfwXnUKLuXaBgSpjyPXiU5XlxvnIh5TI6BeB"
            },
            "metadata_fingerprint": "X7e5hoqVEf8=",
            "metadata_startup_script": "",
            "min_cpu_platform": "",
            "name": "kafka-schema-registry",
            "network_interface": [
              {
                "access_config": [
                  {
                    "nat_ip": "35.185.127.145",
                    "network_tier": "PREMIUM",
                    "public_ptr_domain_name": ""
                  }
                ],
                "alias_ip_range": [],
                "name": "nic0",
                "network": "https://www.googleapis.com/compute/v1/projects/lab-picarelli/global/networks/default",
                "network_ip": "10.142.0.19",
                "subnetwork": "https://www.googleapis.com/compute/v1/projects/lab-picarelli/regions/us-east1/subnetworks/default",
                "subnetwork_project": "lab-picarelli"
              }
            ],
            "project": "lab-picarelli",
            "resource_policies": null,
            "scheduling": [
              {
                "automatic_restart": true,
                "node_affinities": [],
                "on_host_maintenance": "MIGRATE",
                "preemptible": false
              }
            ],
            "scratch_disk": [],
            "self_link": "https://www.googleapis.com/compute/v1/projects/lab-picarelli/zones/us-east1-d/instances/kafka-schema-registry",
            "service_account": [],
            "shielded_instance_config": [
              {
                "enable_integrity_monitoring": true,
                "enable_secure_boot": false,
                "enable_vtpm": true
              }
            ],
            "tags": [
              "http-server"
            ],
            "tags_fingerprint": "FYLDgkTKlA4=",
            "timeouts": null,
            "zone": "us-east1-d"
          },
          "private": "eyJlMmJmYjczMC1lY2FhLTExZTYtOGY4OC0zNDM2M2JjN2M0YzAiOnsiY3JlYXRlIjoxMjAwMDAwMDAwMDAwLCJkZWxldGUiOjEyMDAwMDAwMDAwMDAsInVwZGF0ZSI6MTIwMDAwMDAwMDAwMH0sInNjaGVtYV92ZXJzaW9uIjoiNiJ9"
        }
      ]
    },
    {
      "mode": "managed",
      "type": "google_compute_instance",
      "name": "zookeeper",
      "provider": "provider.google",
      "instances": [
        {
          "schema_version": 6,
          "attributes": {
            "allow_stopping_for_update": null,
            "attached_disk": [],
            "boot_disk": [
              {
                "auto_delete": true,
                "device_name": "persistent-disk-0",
                "disk_encryption_key_raw": "",
                "disk_encryption_key_sha256": "",
                "initialize_params": [
                  {
                    "image": "https://www.googleapis.com/compute/v1/projects/rhel-cloud/global/images/rhel-7-v20201112",
                    "labels": {},
                    "size": 20,
                    "type": "pd-standard"
                  }
                ],
                "kms_key_self_link": "",
                "mode": "READ_WRITE",
                "source": "https://www.googleapis.com/compute/v1/projects/lab-picarelli/zones/us-east1-d/disks/kafka-zookeeper"
              }
            ],
            "can_ip_forward": false,
            "cpu_platform": "Intel Haswell",
            "current_status": "RUNNING",
            "deletion_protection": false,
            "description": "",
            "desired_status": null,
            "enable_display": false,
            "guest_accelerator": [],
            "hostname": "",
            "id": "projects/lab-picarelli/zones/us-east1-d/instances/kafka-zookeeper",
            "instance_id": "6442229716700327543",
            "label_fingerprint": "42WmSpB8rSM=",
            "labels": null,
            "machine_type": "e2-medium",
            "metadata": {
              "ssh-keys": "mpicarelli:ssh-rsa AAAAB3NzaC1yc2EAAAADAQABAAABAQDf7tLb//wKDr9QG3j7yv1ci6pBKhiEarHBSXYDK0/Ibb/ZDLH8ZWbeB0L4m+I4aPSwzhBl47CexOC/jGb8MtdmLm/S6wKqyVhll0OG4PUBlRkDsqAnq3h/1rmxLdw0Uc6tzYcv0Nzvmingj65gvkU7JrR2QshZqQysrbsl7bnrRoERL/l6ybuSY5COAgCdMWx5JniHknQvWVsoPuBM6EKbnHSbusMsrQaIgdKyhH9V3VCE3VRo9WZx7dZF4/K29tp+WG3zyGK89Bisvk/YU6xfggrMXzCFGXP7ePGfrLOhyjSUhRziDfwXnUKLuXaBgSpjyPXiU5XlxvnIh5TI6BeB"
            },
            "metadata_fingerprint": "X7e5hoqVEf8=",
            "metadata_startup_script": "",
            "min_cpu_platform": "",
            "name": "kafka-zookeeper",
            "network_interface": [
              {
                "access_config": [
                  {
                    "nat_ip": "35.227.90.2",
                    "network_tier": "PREMIUM",
                    "public_ptr_domain_name": ""
                  }
                ],
                "alias_ip_range": [],
                "name": "nic0",
                "network": "https://www.googleapis.com/compute/v1/projects/lab-picarelli/global/networks/default",
                "network_ip": "10.142.0.17",
                "subnetwork": "https://www.googleapis.com/compute/v1/projects/lab-picarelli/regions/us-east1/subnetworks/default",
                "subnetwork_project": "lab-picarelli"
              }
            ],
            "project": "lab-picarelli",
            "resource_policies": null,
            "scheduling": [
              {
                "automatic_restart": true,
                "node_affinities": [],
                "on_host_maintenance": "MIGRATE",
                "preemptible": false
              }
            ],
            "scratch_disk": [],
            "self_link": "https://www.googleapis.com/compute/v1/projects/lab-picarelli/zones/us-east1-d/instances/kafka-zookeeper",
            "service_account": [],
            "shielded_instance_config": [
              {
                "enable_integrity_monitoring": true,
                "enable_secure_boot": false,
                "enable_vtpm": true
              }
            ],
            "tags": [
              "http-server"
            ],
            "tags_fingerprint": "FYLDgkTKlA4=",
            "timeouts": null,
            "zone": "us-east1-d"
          },
          "private": "eyJlMmJmYjczMC1lY2FhLTExZTYtOGY4OC0zNDM2M2JjN2M0YzAiOnsiY3JlYXRlIjoxMjAwMDAwMDAwMDAwLCJkZWxldGUiOjEyMDAwMDAwMDAwMDAsInVwZGF0ZSI6MTIwMDAwMDAwMDAwMH0sInNjaGVtYV92ZXJzaW9uIjoiNiJ9"
        }
      ]
    },
    {
      "mode": "managed",
      "type": "google_compute_instance",
      "name": "zookeeper2",
      "provider": "provider.google",
      "instances": [
        {
          "schema_version": 6,
          "attributes": {
            "allow_stopping_for_update": null,
            "attached_disk": [],
            "boot_disk": [
              {
                "auto_delete": true,
                "device_name": "persistent-disk-0",
                "disk_encryption_key_raw": "",
                "disk_encryption_key_sha256": "",
                "initialize_params": [
                  {
                    "image": "https://www.googleapis.com/compute/v1/projects/rhel-cloud/global/images/rhel-7-v20201112",
                    "labels": {},
                    "size": 20,
                    "type": "pd-standard"
                  }
                ],
                "kms_key_self_link": "",
                "mode": "READ_WRITE",
                "source": "https://www.googleapis.com/compute/v1/projects/lab-picarelli/zones/us-west2-a/disks/kafka-zookeeper-2"
              }
            ],
            "can_ip_forward": false,
            "cpu_platform": "Intel Skylake",
            "current_status": "RUNNING",
            "deletion_protection": false,
            "description": "",
            "desired_status": null,
            "enable_display": false,
            "guest_accelerator": [],
            "hostname": "",
            "id": "projects/lab-picarelli/zones/us-west2-a/instances/kafka-zookeeper-2",
            "instance_id": "5241524355873336951",
            "label_fingerprint": "42WmSpB8rSM=",
            "labels": null,
            "machine_type": "e2-medium",
            "metadata": {
              "ssh-keys": "mpicarelli:ssh-rsa AAAAB3NzaC1yc2EAAAADAQABAAABAQDf7tLb//wKDr9QG3j7yv1ci6pBKhiEarHBSXYDK0/Ibb/ZDLH8ZWbeB0L4m+I4aPSwzhBl47CexOC/jGb8MtdmLm/S6wKqyVhll0OG4PUBlRkDsqAnq3h/1rmxLdw0Uc6tzYcv0Nzvmingj65gvkU7JrR2QshZqQysrbsl7bnrRoERL/l6ybuSY5COAgCdMWx5JniHknQvWVsoPuBM6EKbnHSbusMsrQaIgdKyhH9V3VCE3VRo9WZx7dZF4/K29tp+WG3zyGK89Bisvk/YU6xfggrMXzCFGXP7ePGfrLOhyjSUhRziDfwXnUKLuXaBgSpjyPXiU5XlxvnIh5TI6BeB"
            },
            "metadata_fingerprint": "X7e5hoqVEf8=",
            "metadata_startup_script": "",
            "min_cpu_platform": "",
            "name": "kafka-zookeeper-2",
            "network_interface": [
              {
                "access_config": [
                  {
                    "nat_ip": "34.94.126.229",
                    "network_tier": "PREMIUM",
                    "public_ptr_domain_name": ""
                  }
                ],
                "alias_ip_range": [],
                "name": "nic0",
                "network": "https://www.googleapis.com/compute/v1/projects/lab-picarelli/global/networks/default",
                "network_ip": "10.168.0.9",
                "subnetwork": "https://www.googleapis.com/compute/v1/projects/lab-picarelli/regions/us-west2/subnetworks/default",
                "subnetwork_project": "lab-picarelli"
              }
            ],
            "project": "lab-picarelli",
            "resource_policies": null,
            "scheduling": [
              {
                "automatic_restart": true,
                "node_affinities": [],
                "on_host_maintenance": "MIGRATE",
                "preemptible": false
              }
            ],
            "scratch_disk": [],
            "self_link": "https://www.googleapis.com/compute/v1/projects/lab-picarelli/zones/us-west2-a/instances/kafka-zookeeper-2",
            "service_account": [],
            "shielded_instance_config": [
              {
                "enable_integrity_monitoring": true,
                "enable_secure_boot": false,
                "enable_vtpm": true
              }
            ],
            "tags": [
              "http-server"
            ],
            "tags_fingerprint": "FYLDgkTKlA4=",
            "timeouts": null,
            "zone": "us-west2-a"
          },
          "private": "eyJlMmJmYjczMC1lY2FhLTExZTYtOGY4OC0zNDM2M2JjN2M0YzAiOnsiY3JlYXRlIjoxMjAwMDAwMDAwMDAwLCJkZWxldGUiOjEyMDAwMDAwMDAwMDAsInVwZGF0ZSI6MTIwMDAwMDAwMDAwMH0sInNjaGVtYV92ZXJzaW9uIjoiNiJ9"
        }
      ]
    },
    {
      "mode": "managed",
      "type": "google_compute_instance",
      "name": "zookeeper3",
      "provider": "provider.google",
      "instances": [
        {
          "schema_version": 6,
          "attributes": {
            "allow_stopping_for_update": null,
            "attached_disk": [],
            "boot_disk": [
              {
                "auto_delete": true,
                "device_name": "persistent-disk-0",
                "disk_encryption_key_raw": "",
                "disk_encryption_key_sha256": "",
                "initialize_params": [
                  {
                    "image": "https://www.googleapis.com/compute/v1/projects/rhel-cloud/global/images/rhel-7-v20201112",
                    "labels": {},
                    "size": 20,
                    "type": "pd-standard"
                  }
                ],
                "kms_key_self_link": "",
                "mode": "READ_WRITE",
                "source": "https://www.googleapis.com/compute/v1/projects/lab-picarelli/zones/us-west2-a/disks/kafka-zookeeper-3"
              }
            ],
            "can_ip_forward": false,
            "cpu_platform": "Intel Skylake",
            "current_status": "RUNNING",
            "deletion_protection": false,
            "description": "",
            "desired_status": null,
            "enable_display": false,
            "guest_accelerator": [],
            "hostname": "",
            "id": "projects/lab-picarelli/zones/us-west2-a/instances/kafka-zookeeper-3",
            "instance_id": "4732847477515054710",
            "label_fingerprint": "42WmSpB8rSM=",
            "labels": null,
            "machine_type": "e2-medium",
            "metadata": {
              "ssh-keys": "mpicarelli:ssh-rsa AAAAB3NzaC1yc2EAAAADAQABAAABAQDf7tLb//wKDr9QG3j7yv1ci6pBKhiEarHBSXYDK0/Ibb/ZDLH8ZWbeB0L4m+I4aPSwzhBl47CexOC/jGb8MtdmLm/S6wKqyVhll0OG4PUBlRkDsqAnq3h/1rmxLdw0Uc6tzYcv0Nzvmingj65gvkU7JrR2QshZqQysrbsl7bnrRoERL/l6ybuSY5COAgCdMWx5JniHknQvWVsoPuBM6EKbnHSbusMsrQaIgdKyhH9V3VCE3VRo9WZx7dZF4/K29tp+WG3zyGK89Bisvk/YU6xfggrMXzCFGXP7ePGfrLOhyjSUhRziDfwXnUKLuXaBgSpjyPXiU5XlxvnIh5TI6BeB"
            },
            "metadata_fingerprint": "X7e5hoqVEf8=",
            "metadata_startup_script": "",
            "min_cpu_platform": "",
            "name": "kafka-zookeeper-3",
            "network_interface": [
              {
                "access_config": [
                  {
                    "nat_ip": "34.94.108.230",
                    "network_tier": "PREMIUM",
                    "public_ptr_domain_name": ""
                  }
                ],
                "alias_ip_range": [],
                "name": "nic0",
                "network": "https://www.googleapis.com/compute/v1/projects/lab-picarelli/global/networks/default",
                "network_ip": "10.168.0.10",
                "subnetwork": "https://www.googleapis.com/compute/v1/projects/lab-picarelli/regions/us-west2/subnetworks/default",
                "subnetwork_project": "lab-picarelli"
              }
            ],
            "project": "lab-picarelli",
            "resource_policies": null,
            "scheduling": [
              {
                "automatic_restart": true,
                "node_affinities": [],
                "on_host_maintenance": "MIGRATE",
                "preemptible": false
              }
            ],
            "scratch_disk": [],
            "self_link": "https://www.googleapis.com/compute/v1/projects/lab-picarelli/zones/us-west2-a/instances/kafka-zookeeper-3",
            "service_account": [],
            "shielded_instance_config": [
              {
                "enable_integrity_monitoring": true,
                "enable_secure_boot": false,
                "enable_vtpm": true
              }
            ],
            "tags": [
              "http-server"
            ],
            "tags_fingerprint": "FYLDgkTKlA4=",
            "timeouts": null,
            "zone": "us-west2-a"
          },
          "private": "eyJlMmJmYjczMC1lY2FhLTExZTYtOGY4OC0zNDM2M2JjN2M0YzAiOnsiY3JlYXRlIjoxMjAwMDAwMDAwMDAwLCJkZWxldGUiOjEyMDAwMDAwMDAwMDAsInVwZGF0ZSI6MTIwMDAwMDAwMDAwMH0sInNjaGVtYV92ZXJzaW9uIjoiNiJ9"
        }
      ]
    }
  ]
}
